// !$*UTF8*$!
{
	archiveVersion = 1;
	classes = {
	};
	objectVersion = 77;
	objects = {

/* Begin PBXBuildFile section */
		D9CDBB94300280F900B82913 /* Khmerlang.appex in Embed Foundation Extensions */ = {isa = PBXBuildFile; fileRef = D9CDBB8D300280F900B82913 /* Khmerlang.appex */; settings = {ATTRIBUTES = (RemoveHeadersOnCopy, ); }; };
/* End PBXBuildFile section */

/* Begin PBXContainerItemProxy section */
		D9CDBB92300280F900B82913 /* PBXContainerItemProxy */ = {
			isa = PBXContainerItemProxy;
			containerPortal = D9CDBB73300280D400B82913 /* Project object */;
			proxyType = 1;
			remoteGlobalIDString = D9CDBB8C300280F900B82913;
			remoteInfo = Khmerlang;
		};
		E1A0A007300280F900B82913 /* PBXContainerItemProxy */ = {
			isa = PBXContainerItemProxy;
			containerPortal = D9CDBB73300280D400B82913 /* Project object */;
			proxyType = 1;
			remoteGlobalIDString = D9CDBB7A300280D400B82913;
			remoteInfo = "Khmerlang-Keyboard-IOS";
		};
/* End PBXContainerItemProxy section */

/* Begin PBXCopyFilesBuildPhase section */
		D9CDBB99300280F900B82913 /* Embed Foundation Extensions */ = {
			isa = PBXCopyFilesBuildPhase;
			buildActionMask = 2147483647;
			dstPath = "";
			dstSubfolderSpec = 13;
			files = (
				D9CDBB94300280F900B82913 /* Khmerlang.appex in Embed Foundation Extensions */,
			);
			name = "Embed Foundation Extensions";
			runOnlyForDeploymentPostprocessing = 0;
		};
/* End PBXCopyFilesBuildPhase section */

/* Begin PBXFileReference section */
		D9CDBB7B300280D400B82913 /* Khmerlang-Keyboard-IOS.app */ = {isa = PBXFileReference; explicitFileType = wrapper.application; includeInIndex = 0; path = "Khmerlang-Keyboard-IOS.app"; sourceTree = BUILT_PRODUCTS_DIR; };
		D9CDBB8D300280F900B82913 /* Khmerlang.appex */ = {isa = PBXFileReference; explicitFileType = "wrapper.app-extension"; includeInIndex = 0; path = Khmerlang.appex; sourceTree = BUILT_PRODUCTS_DIR; };
		E1A0A001300280F900B82913 /* KhmerlangTests.xctest */ = {isa = PBXFileReference; explicitFileType = wrapper.cfbundle; includeInIndex = 0; path = KhmerlangTests.xctest; sourceTree = BUILT_PRODUCTS_DIR; };
/* End PBXFileReference section */

/* Begin PBXFileSystemSynchronizedBuildFileExceptionSet section */
		D9CDBB95300280F900B82913 /* Exceptions for "Khmerlang" folder in "Khmerlang" target */ = {
			isa = PBXFileSystemSynchronizedBuildFileExceptionSet;
			membershipExceptions = (
				Info.plist,
			);
			target = D9CDBB8C300280F900B82913 /* Khmerlang */;
		};
/* End PBXFileSystemSynchronizedBuildFileExceptionSet section */

/* Begin PBXFileSystemSynchronizedRootGroup section */
		D9CDBB7D300280D400B82913 /* Khmerlang-Keyboard-IOS */ = {
			isa = PBXFileSystemSynchronizedRootGroup;
			path = "Khmerlang-Keyboard-IOS";
			sourceTree = "<group>";
		};
		D9CDBB8E300280F900B82913 /* Khmerlang */ = {
			isa = PBXFileSystemSynchronizedRootGroup;
			exceptions = (
				D9CDBB95300280F900B82913 /* Exceptions for "Khmerlang" folder in "Khmerlang" target */,
			);
			path = Khmerlang;
			sourceTree = "<group>";
		};
		E1A0A002300280F900B82913 /* KhmerlangTests */ = {
			isa = PBXFileSystemSynchronizedRootGroup;
			path = KhmerlangTests;
			sourceTree = "<group>";
		};
/* End PBXFileSystemSynchronizedRootGroup section */

/* Begin PBXFrameworksBuildPhase section */
		D9CDBB78300280D400B82913 /* Frameworks */ = {
			isa = PBXFrameworksBuildPhase;
			buildActionMask = 2147483647;
			files = (
			);
			runOnlyForDeploymentPostprocessing = 0;
		};
		D9CDBB8A300280F900B82913 /* Frameworks */ = {
			isa = PBXFrameworksBuildPhase;
			buildActionMask = 2147483647;
			files = (
			);
			runOnlyForDeploymentPostprocessing = 0;
		};
		E1A0A003300280F900B82913 /* Frameworks */ = {
			isa = PBXFrameworksBuildPhase;
			buildActionMask = 2147483647;
			files = (
			);
			runOnlyForDeploymentPostprocessing = 0;
		};
/* End PBXFrameworksBuildPhase section */

/* Begin PBXGroup section */
		D9CDBB72300280D400B82913 = {
			isa = PBXGroup;
			children = (
				D9CDBB7D300280D400B82913 /* Khmerlang-Keyboard-IOS */,
				D9CDBB8E300280F900B82913 /* Khmerlang */,
				E1A0A002300280F900B82913 /* KhmerlangTests */,
				D9CDBB7C300280D400B82913 /* Products */,
			);
			sourceTree = "<group>";
		};
		D9CDBB7C300280D400B82913 /* Products */ = {
			isa = PBXGroup;
			children = (
				D9CDBB7B300280D400B82913 /* Khmerlang-Keyboard-IOS.app */,
				D9CDBB8D300280F900B82913 /* Khmerlang.appex */,
				E1A0A001300280F900B82913 /* KhmerlangTests.xctest */,
			);
			name = Products;
			sourceTree = "<group>";
		};
/* End PBXGroup section */

/* Begin PBXNativeTarget section */
		D9CDBB7A300280D400B82913 /* Khmerlang-Keyboard-IOS */ = {
			isa = PBXNativeTarget;
			buildConfigurationList = D9CDBB86300280D400B82913 /* Build configuration list for PBXNativeTarget "Khmerlang-Keyboard-IOS" */;
			buildPhases = (
				D9CDBB77300280D400B82913 /* Sources */,
				D9CDBB78300280D400B82913 /* Frameworks */,
				D9CDBB79300280D400B82913 /* Resources */,
				D9CDBB99300280F900B82913 /* Embed Foundation Extensions */,
			);
			buildRules = (
			);
			dependencies = (
				D9CDBB93300280F900B82913 /* PBXTargetDependency */,
			);
			fileSystemSynchronizedGroups = (
				D9CDBB7D300280D400B82913 /* Khmerlang-Keyboard-IOS */,
			);
			name = "Khmerlang-Keyboard-IOS";
			packageProductDependencies = (
			);
			productName = "Khmerlang-Keyboard-IOS";
			productReference = D9CDBB7B300280D400B82913 /* Khmerlang-Keyboard-IOS.app */;
			productType = "com.apple.product-type.application";
		};
		D9CDBB8C300280F900B82913 /* Khmerlang */ = {
			isa = PBXNativeTarget;
			buildConfigurationList = D9CDBB96300280F900B82913 /* Build configuration list for PBXNativeTarget "Khmerlang" */;
			buildPhases = (
				D9CDBB89300280F900B82913 /* Sources */,
				D9CDBB8A300280F900B82913 /* Frameworks */,
				D9CDBB8B300280F900B82913 /* Resources */,
			);
			buildRules = (
			);
			dependencies = (
			);
			fileSystemSynchronizedGroups = (
				D9CDBB8E300280F900B82913 /* Khmerlang */,
			);
			name = Khmerlang;
			packageProductDependencies = (
			);
			productName = Khmerlang;
			productReference = D9CDBB8D300280F900B82913 /* Khmerlang.appex */;
			productType = "com.apple.product-type.app-extension";
		};
		E1A0A008300280F900B82913 /* KhmerlangTests */ = {
			isa = PBXNativeTarget;
			buildConfigurationList = E1A0A011300280F900B82913 /* Build configuration list for PBXNativeTarget "KhmerlangTests" */;
			buildPhases = (
				E1A0A005300280F900B82913 /* Sources */,
				E1A0A003300280F900B82913 /* Frameworks */,
				E1A0A004300280F900B82913 /* Resources */,
			);
			buildRules = (
			);
			dependencies = (
				E1A0A006300280F900B82913 /* PBXTargetDependency */,
				E1A0A012300280F900B82913 /* PBXTargetDependency */,
			);
			fileSystemSynchronizedGroups = (
				E1A0A002300280F900B82913 /* KhmerlangTests */,
			);
			name = KhmerlangTests;
			packageProductDependencies = (
			);
			productName = KhmerlangTests;
			productReference = E1A0A001300280F900B82913 /* KhmerlangTests.xctest */;
			productType = "com.apple.product-type.bundle.unit-test";
		};
/* End PBXNativeTarget section */

/* Begin PBXProject section */
		D9CDBB73300280D400B82913 /* Project object */ = {
			isa = PBXProject;
			attributes = {
				BuildIndependentTargetsInParallel = 1;
				LastSwiftUpdateCheck = 2660;
				LastUpgradeCheck = 2660;
				TargetAttributes = {
					D9CDBB7A300280D400B82913 = {
						CreatedOnToolsVersion = 26.6;
					};
					D9CDBB8C300280F900B82913 = {
						CreatedOnToolsVersion = 26.6;
					};
				};
			};
			buildConfigurationList = D9CDBB76300280D400B82913 /* Build configuration list for PBXProject "Khmerlang-Keyboard-IOS" */;
			developmentRegion = en;
			hasScannedForEncodings = 0;
			knownRegions = (
				en,
				Base,
			);
			mainGroup = D9CDBB72300280D400B82913;
			minimizedProjectReferenceProxies = 1;
			preferredProjectObjectVersion = 77;
			productRefGroup = D9CDBB7C300280D400B82913 /* Products */;
			projectDirPath = "";
			projectRoot = "";
			targets = (
				D9CDBB7A300280D400B82913 /* Khmerlang-Keyboard-IOS */,
				D9CDBB8C300280F900B82913 /* Khmerlang */,
				E1A0A008300280F900B82913 /* KhmerlangTests */,
			);
		};
/* End PBXProject section */

/* Begin PBXResourcesBuildPhase section */
		D9CDBB79300280D400B82913 /* Resources */ = {
			isa = PBXResourcesBuildPhase;
			buildActionMask = 2147483647;
			files = (
			);
			runOnlyForDeploymentPostprocessing = 0;
		};
		D9CDBB8B300280F900B82913 /* Resources */ = {
			isa = PBXResourcesBuildPhase;
			buildActionMask = 2147483647;
			files = (
			);
			runOnlyForDeploymentPostprocessing = 0;
		};
		E1A0A004300280F900B82913 /* Resources */ = {
			isa = PBXResourcesBuildPhase;
			buildActionMask = 2147483647;
			files = (
			);
			runOnlyForDeploymentPostprocessing = 0;
		};
/* End PBXResourcesBuildPhase section */

/* Begin PBXSourcesBuildPhase section */
		D9CDBB77300280D400B82913 /* Sources */ = {
			isa = PBXSourcesBuildPhase;
			buildActionMask = 2147483647;
			files = (
			);
			runOnlyForDeploymentPostprocessing = 0;
		};
		D9CDBB89300280F900B82913 /* Sources */ = {
			isa = PBXSourcesBuildPhase;
			buildActionMask = 2147483647;
			files = (
			);
			runOnlyForDeploymentPostprocessing = 0;
		};
		E1A0A005300280F900B82913 /* Sources */ = {
			isa = PBXSourcesBuildPhase;
			buildActionMask = 2147483647;
			files = (
			);
			runOnlyForDeploymentPostprocessing = 0;
		};
/* End PBXSourcesBuildPhase section */

/* Begin PBXTargetDependency section */
		D9CDBB93300280F900B82913 /* PBXTargetDependency */ = {
			isa = PBXTargetDependency;
			target = D9CDBB8C300280F900B82913 /* Khmerlang */;
			targetProxy = D9CDBB92300280F900B82913 /* PBXContainerItemProxy */;
		};
		E1A0A006300280F900B82913 /* PBXTargetDependency */ = {
			isa = PBXTargetDependency;
			target = D9CDBB7A300280D400B82913 /* Khmerlang-Keyboard-IOS */;
			targetProxy = E1A0A007300280F900B82913 /* PBXContainerItemProxy */;
		};
		E1A0A012300280F900B82913 /* PBXTargetDependency */ = {
			isa = PBXTargetDependency;
			target = D9CDBB8C300280F900B82913 /* Khmerlang */;
			targetProxy = D9CDBB92300280F900B82913 /* PBXContainerItemProxy */;
		};
/* End PBXTargetDependency section */

/* Begin XCBuildConfiguration section */
		D9CDBB84300280D400B82913 /* Debug */ = {
			isa = XCBuildConfiguration;
			buildSettings = {
				ALWAYS_SEARCH_USER_PATHS = NO;
				ASSETCATALOG_COMPILER_GENERATE_SWIFT_ASSET_SYMBOL_EXTENSIONS = YES;
				CLANG_ANALYZER_NONNULL = YES;
				CLANG_ANALYZER_NUMBER_OBJECT_CONVERSION = YES_AGGRESSIVE;
				CLANG_CXX_LANGUAGE_STANDARD = "gnu++20";
				CLANG_ENABLE_MODULES = YES;
				CLANG_ENABLE_OBJC_ARC = YES;
				CLANG_ENABLE_OBJC_WEAK = YES;
				CLANG_WARN_BLOCK_CAPTURE_AUTORELEASING = YES;
				CLANG_WARN_BOOL_CONVERSION = YES;
				CLANG_WARN_COMMA = YES;
				CLANG_WARN_CONSTANT_CONVERSION = YES;
				CLANG_WARN_DEPRECATED_OBJC_IMPLEMENTATIONS = YES;
				CLANG_WARN_DIRECT_OBJC_ISA_USAGE = YES_ERROR;
				CLANG_WARN_DOCUMENTATION_COMMENTS = YES;
				CLANG_WARN_EMPTY_BODY = YES;
				CLANG_WARN_ENUM_CONVERSION = YES;
				CLANG_WARN_INFINITE_RECURSION = YES;
				CLANG_WARN_INT_CONVERSION = YES;
				CLANG_WARN_NON_LITERAL_NULL_CONVERSION = YES;
				CLANG_WARN_OBJC_IMPLICIT_RETAIN_SELF = YES;
				CLANG_WARN_OBJC_LITERAL_CONVERSION = YES;
				CLANG_WARN_OBJC_ROOT_CLASS = YES_ERROR;
				CLANG_WARN_QUOTED_INCLUDE_IN_FRAMEWORK_HEADER = YES;
				CLANG_WARN_RANGE_LOOP_ANALYSIS = YES;
				CLANG_WARN_STRICT_PROTOTYPES = YES;
				CLANG_WARN_SUSPICIOUS_MOVE = YES;
				CLANG_WARN_UNGUARDED_AVAILABILITY = YES_AGGRESSIVE;
				CLANG_WARN_UNREACHABLE_CODE = YES;
				CLANG_WARN__DUPLICATE_METHOD_MATCH = YES;
				COPY_PHASE_STRIP = NO;
				DEBUG_INFORMATION_FORMAT = dwarf;
				DEVELOPMENT_TEAM = BSJPU8MQ6R;
				ENABLE_STRICT_OBJC_MSGSEND = YES;
				ENABLE_TESTABILITY = YES;
				ENABLE_USER_SCRIPT_SANDBOXING = YES;
				GCC_C_LANGUAGE_STANDARD = gnu17;
				GCC_DYNAMIC_NO_PIC = NO;
				GCC_NO_COMMON_BLOCKS = YES;
				GCC_OPTIMIZATION_LEVEL = 0;
				GCC_PREPROCESSOR_DEFINITIONS = (
					"DEBUG=1",
					"$(inherited)",
				);
				GCC_WARN_64_TO_32_BIT_CONVERSION = YES;
				GCC_WARN_ABOUT_RETURN_TYPE = YES_ERROR;
				GCC_WARN_UNDECLARED_SELECTOR = YES;
				GCC_WARN_UNINITIALIZED_AUTOS = YES_AGGRESSIVE;
				GCC_WARN_UNUSED_FUNCTION = YES;
				GCC_WARN_UNUSED_VARIABLE = YES;
				IPHONEOS_DEPLOYMENT_TARGET = 16.0;
				LOCALIZATION_PREFERS_STRING_CATALOGS = YES;
				MTL_ENABLE_DEBUG_INFO = INCLUDE_SOURCE;
				MTL_FAST_MATH = YES;
				ONLY_ACTIVE_ARCH = YES;
				SDKROOT = iphoneos;
				SWIFT_ACTIVE_COMPILATION_CONDITIONS = "DEBUG $(inherited)";
				SWIFT_OPTIMIZATION_LEVEL = "-Onone";
			};
			name = Debug;
		};
		D9CDBB85300280D400B82913 /* Release */ = {
			isa = XCBuildConfiguration;
			buildSettings = {
				ALWAYS_SEARCH_USER_PATHS = NO;
				ASSETCATALOG_COMPILER_GENERATE_SWIFT_ASSET_SYMBOL_EXTENSIONS = YES;
				CLANG_ANALYZER_NONNULL = YES;
				CLANG_ANALYZER_NUMBER_OBJECT_CONVERSION = YES_AGGRESSIVE;
				CLANG_CXX_LANGUAGE_STANDARD = "gnu++20";
				CLANG_ENABLE_MODULES = YES;
				CLANG_ENABLE_OBJC_ARC = YES;
				CLANG_ENABLE_OBJC_WEAK = YES;
				CLANG_WARN_BLOCK_CAPTURE_AUTORELEASING = YES;
				CLANG_WARN_BOOL_CONVERSION = YES;
				CLANG_WARN_COMMA = YES;
				CLANG_WARN_CONSTANT_CONVERSION = YES;
				CLANG_WARN_DEPRECATED_OBJC_IMPLEMENTATIONS = YES;
				CLANG_WARN_DIRECT_OBJC_ISA_USAGE = YES_ERROR;
				CLANG_WARN_DOCUMENTATION_COMMENTS = YES;
				CLANG_WARN_EMPTY_BODY = YES;
				CLANG_WARN_ENUM_CONVERSION = YES;
				CLANG_WARN_INFINITE_RECURSION = YES;
				CLANG_WARN_INT_CONVERSION = YES;
				CLANG_WARN_NON_LITERAL_NULL_CONVERSION = YES;
				CLANG_WARN_OBJC_IMPLICIT_RETAIN_SELF = YES;
				CLANG_WARN_OBJC_LITERAL_CONVERSION = YES;
				CLANG_WARN_OBJC_ROOT_CLASS = YES_ERROR;
				CLANG_WARN_QUOTED_INCLUDE_IN_FRAMEWORK_HEADER = YES;
				CLANG_WARN_RANGE_LOOP_ANALYSIS = YES;
				CLANG_WARN_STRICT_PROTOTYPES = YES;
				CLANG_WARN_SUSPICIOUS_MOVE = YES;
				CLANG_WARN_UNGUARDED_AVAILABILITY = YES_AGGRESSIVE;
				CLANG_WARN_UNREACHABLE_CODE = YES;
				CLANG_WARN__DUPLICATE_METHOD_MATCH = YES;
				COPY_PHASE_STRIP = NO;
				DEBUG_INFORMATION_FORMAT = "dwarf-with-dsym";
				DEVELOPMENT_TEAM = BSJPU8MQ6R;
				ENABLE_NS_ASSERTIONS = NO;
				ENABLE_STRICT_OBJC_MSGSEND = YES;
				ENABLE_USER_SCRIPT_SANDBOXING = YES;
				GCC_C_LANGUAGE_STANDARD = gnu17;
				GCC_NO_COMMON_BLOCKS = YES;
				GCC_WARN_64_TO_32_BIT_CONVERSION = YES;
				GCC_WARN_ABOUT_RETURN_TYPE = YES_ERROR;
				GCC_WARN_UNDECLARED_SELECTOR = YES;
				GCC_WARN_UNINITIALIZED_AUTOS = YES_AGGRESSIVE;
				GCC_WARN_UNUSED_FUNCTION = YES;
				GCC_WARN_UNUSED_VARIABLE = YES;
				IPHONEOS_DEPLOYMENT_TARGET = 16.0;
				LOCALIZATION_PREFERS_STRING_CATALOGS = YES;
				MTL_ENABLE_DEBUG_INFO = NO;
				MTL_FAST_MATH = YES;
				SDKROOT = iphoneos;
				SWIFT_COMPILATION_MODE = wholemodule;
				VALIDATE_PRODUCT = YES;
			};
			name = Release;
		};
		D9CDBB87300280D400B82913 /* Debug */ = {
			isa = XCBuildConfiguration;
			buildSettings = {
				ASSETCATALOG_COMPILER_APPICON_NAME = AppIcon;
				ASSETCATALOG_COMPILER_GLOBAL_ACCENT_COLOR_NAME = AccentColor;
				CODE_SIGN_ENTITLEMENTS = "Khmerlang-Keyboard-IOS/Khmerlang-Keyboard-IOS.entitlements";
				CODE_SIGN_STYLE = Automatic;
				CURRENT_PROJECT_VERSION = 1;
				DEVELOPMENT_TEAM = BSJPU8MQ6R;
				ENABLE_PREVIEWS = YES;
				GENERATE_INFOPLIST_FILE = YES;
				INFOPLIST_KEY_CFBundleDisplayName = "ខ្មែរឡេង-Khmerlang";
				INFOPLIST_KEY_UIApplicationSceneManifest_Generation = YES;
				INFOPLIST_KEY_UIApplicationSupportsIndirectInputEvents = YES;
				INFOPLIST_KEY_UILaunchScreen_Generation = YES;
				INFOPLIST_KEY_UISupportedInterfaceOrientations_iPad = "UIInterfaceOrientationPortrait UIInterfaceOrientationPortraitUpsideDown UIInterfaceOrientationLandscapeLeft UIInterfaceOrientationLandscapeRight";
				INFOPLIST_KEY_UISupportedInterfaceOrientations_iPhone = "UIInterfaceOrientationPortrait UIInterfaceOrientationLandscapeLeft UIInterfaceOrientationLandscapeRight";
				LD_RUNPATH_SEARCH_PATHS = (
					"$(inherited)",
					"@executable_path/Frameworks",
				);
				MARKETING_VERSION = 1.0;
				PRODUCT_BUNDLE_IDENTIFIER = "com.khmerlang.Khmerlang-Keyboard-IOS";
				PRODUCT_NAME = "$(TARGET_NAME)";
				STRING_CATALOG_GENERATE_SYMBOLS = YES;
				SWIFT_APPROACHABLE_CONCURRENCY = YES;
				SWIFT_DEFAULT_ACTOR_ISOLATION = MainActor;
				SWIFT_EMIT_LOC_STRINGS = YES;
				SWIFT_UPCOMING_FEATURE_MEMBER_IMPORT_VISIBILITY = YES;
				SWIFT_VERSION = 5.0;
				TARGETED_DEVICE_FAMILY = "1,2";
			};
			name = Debug;
		};
		D9CDBB88300280D400B82913 /* Release */ = {
			isa = XCBuildConfiguration;
			buildSettings = {
				ASSETCATALOG_COMPILER_APPICON_NAME = AppIcon;
				ASSETCATALOG_COMPILER_GLOBAL_ACCENT_COLOR_NAME = AccentColor;
				CODE_SIGN_ENTITLEMENTS = "Khmerlang-Keyboard-IOS/Khmerlang-Keyboard-IOS.entitlements";
				CODE_SIGN_STYLE = Automatic;
				CURRENT_PROJECT_VERSION = 1;
				DEVELOPMENT_TEAM = BSJPU8MQ6R;
				ENABLE_PREVIEWS = YES;
				GENERATE_INFOPLIST_FILE = YES;
				INFOPLIST_KEY_CFBundleDisplayName = "ខ្មែរឡេង-Khmerlang";
				INFOPLIST_KEY_UIApplicationSceneManifest_Generation = YES;
				INFOPLIST_KEY_UIApplicationSupportsIndirectInputEvents = YES;
				INFOPLIST_KEY_UILaunchScreen_Generation = YES;
				INFOPLIST_KEY_UISupportedInterfaceOrientations_iPad = "UIInterfaceOrientationPortrait UIInterfaceOrientationPortraitUpsideDown UIInterfaceOrientationLandscapeLeft UIInterfaceOrientationLandscapeRight";
				INFOPLIST_KEY_UISupportedInterfaceOrientations_iPhone = "UIInterfaceOrientationPortrait UIInterfaceOrientationLandscapeLeft UIInterfaceOrientationLandscapeRight";
				LD_RUNPATH_SEARCH_PATHS = (
					"$(inherited)",
					"@executable_path/Frameworks",
				);
				MARKETING_VERSION = 1.0;
				PRODUCT_BUNDLE_IDENTIFIER = "com.khmerlang.Khmerlang-Keyboard-IOS";
				PRODUCT_NAME = "$(TARGET_NAME)";
				STRING_CATALOG_GENERATE_SYMBOLS = YES;
				SWIFT_APPROACHABLE_CONCURRENCY = YES;
				SWIFT_DEFAULT_ACTOR_ISOLATION = MainActor;
				SWIFT_EMIT_LOC_STRINGS = YES;
				SWIFT_UPCOMING_FEATURE_MEMBER_IMPORT_VISIBILITY = YES;
				SWIFT_VERSION = 5.0;
				TARGETED_DEVICE_FAMILY = "1,2";
			};
			name = Release;
		};
		D9CDBB97300280F900B82913 /* Debug */ = {
			isa = XCBuildConfiguration;
			buildSettings = {
				CODE_SIGN_ENTITLEMENTS = Khmerlang/Khmerlang.entitlements;
				CODE_SIGN_STYLE = Automatic;
				CURRENT_PROJECT_VERSION = 1;
				DEVELOPMENT_TEAM = BSJPU8MQ6R;
				GENERATE_INFOPLIST_FILE = YES;
				INFOPLIST_FILE = Khmerlang/Info.plist;
				INFOPLIST_KEY_CFBundleDisplayName = "ខ្មែរឡេង-Khmerlang";
				INFOPLIST_KEY_NSHumanReadableCopyright = "";
				LD_RUNPATH_SEARCH_PATHS = (
					"$(inherited)",
					"@executable_path/Frameworks",
					"@executable_path/../../Frameworks",
				);
				MARKETING_VERSION = 1.0;
				PRODUCT_BUNDLE_IDENTIFIER = "com.khmerlang.Khmerlang-Keyboard-IOS.Khmerlang";
				PRODUCT_NAME = "$(TARGET_NAME)";
				SKIP_INSTALL = YES;
				STRING_CATALOG_GENERATE_SYMBOLS = YES;
				SWIFT_APPROACHABLE_CONCURRENCY = YES;
				SWIFT_EMIT_LOC_STRINGS = YES;
				SWIFT_UPCOMING_FEATURE_MEMBER_IMPORT_VISIBILITY = YES;
				SWIFT_VERSION = 5.0;
				TARGETED_DEVICE_FAMILY = "1,2";
			};
			name = Debug;
		};
		D9CDBB98300280F900B82913 /* Release */ = {
			isa = XCBuildConfiguration;
			buildSettings = {
				CODE_SIGN_ENTITLEMENTS = Khmerlang/Khmerlang.entitlements;
				CODE_SIGN_STYLE = Automatic;
				CURRENT_PROJECT_VERSION = 1;
				DEVELOPMENT_TEAM = BSJPU8MQ6R;
				GENERATE_INFOPLIST_FILE = YES;
				INFOPLIST_FILE = Khmerlang/Info.plist;
				INFOPLIST_KEY_CFBundleDisplayName = "ខ្មែរឡេង-Khmerlang";
				INFOPLIST_KEY_NSHumanReadableCopyright = "";
				LD_RUNPATH_SEARCH_PATHS = (
					"$(inherited)",
					"@executable_path/Frameworks",
					"@executable_path/../../Frameworks",
				);
				MARKETING_VERSION = 1.0;
				PRODUCT_BUNDLE_IDENTIFIER = "com.khmerlang.Khmerlang-Keyboard-IOS.Khmerlang";
				PRODUCT_NAME = "$(TARGET_NAME)";
				SKIP_INSTALL = YES;
				STRING_CATALOG_GENERATE_SYMBOLS = YES;
				SWIFT_APPROACHABLE_CONCURRENCY = YES;
				SWIFT_EMIT_LOC_STRINGS = YES;
				SWIFT_UPCOMING_FEATURE_MEMBER_IMPORT_VISIBILITY = YES;
				SWIFT_VERSION = 5.0;
				TARGETED_DEVICE_FAMILY = "1,2";
			};
			name = Release;
		};
		E1A0A009300280F900B82913 /* Debug */ = {
			isa = XCBuildConfiguration;
			buildSettings = {
				BUNDLE_LOADER = "$(TEST_HOST)";
				CODE_SIGN_STYLE = Automatic;
				CURRENT_PROJECT_VERSION = 1;
				DEVELOPMENT_TEAM = BSJPU8MQ6R;
				GENERATE_INFOPLIST_FILE = YES;
				IPHONEOS_DEPLOYMENT_TARGET = 16.0;
				MARKETING_VERSION = 1.0;
				PRODUCT_BUNDLE_IDENTIFIER = "com.khmerlang.Khmerlang-Keyboard-IOS.KhmerlangTests";
				PRODUCT_NAME = "$(TARGET_NAME)";
				STRING_CATALOG_GENERATE_SYMBOLS = YES;
				SWIFT_EMIT_LOC_STRINGS = YES;
				SWIFT_VERSION = 5.0;
				TARGETED_DEVICE_FAMILY = "1,2";
				TEST_HOST = "$(BUILT_PRODUCTS_DIR)/Khmerlang-Keyboard-IOS.app/Khmerlang-Keyboard-IOS";
			};
			name = Debug;
		};
		E1A0A010300280F900B82913 /* Release */ = {
			isa = XCBuildConfiguration;
			buildSettings = {
				BUNDLE_LOADER = "$(TEST_HOST)";
				CODE_SIGN_STYLE = Automatic;
				CURRENT_PROJECT_VERSION = 1;
				DEVELOPMENT_TEAM = BSJPU8MQ6R;
				GENERATE_INFOPLIST_FILE = YES;
				IPHONEOS_DEPLOYMENT_TARGET = 16.0;
				MARKETING_VERSION = 1.0;
				PRODUCT_BUNDLE_IDENTIFIER = "com.khmerlang.Khmerlang-Keyboard-IOS.KhmerlangTests";
				PRODUCT_NAME = "$(TARGET_NAME)";
				STRING_CATALOG_GENERATE_SYMBOLS = YES;
				SWIFT_EMIT_LOC_STRINGS = YES;
				SWIFT_VERSION = 5.0;
				TARGETED_DEVICE_FAMILY = "1,2";
				TEST_HOST = "$(BUILT_PRODUCTS_DIR)/Khmerlang-Keyboard-IOS.app/Khmerlang-Keyboard-IOS";
			};
			name = Release;
		};
/* End XCBuildConfiguration section */

/* Begin XCConfigurationList section */
		D9CDBB76300280D400B82913 /* Build configuration list for PBXProject "Khmerlang-Keyboard-IOS" */ = {
			isa = XCConfigurationList;
			buildConfigurations = (
				D9CDBB84300280D400B82913 /* Debug */,
				D9CDBB85300280D400B82913 /* Release */,
			);
			defaultConfigurationIsVisible = 0;
			defaultConfigurationName = Release;
		};
		D9CDBB86300280D400B82913 /* Build configuration list for PBXNativeTarget "Khmerlang-Keyboard-IOS" */ = {
			isa = XCConfigurationList;
			buildConfigurations = (
				D9CDBB87300280D400B82913 /* Debug */,
				D9CDBB88300280D400B82913 /* Release */,
			);
			defaultConfigurationIsVisible = 0;
			defaultConfigurationName = Release;
		};
		D9CDBB96300280F900B82913 /* Build configuration list for PBXNativeTarget "Khmerlang" */ = {
			isa = XCConfigurationList;
			buildConfigurations = (
				D9CDBB97300280F900B82913 /* Debug */,
				D9CDBB98300280F900B82913 /* Release */,
			);
			defaultConfigurationIsVisible = 0;
			defaultConfigurationName = Release;
		};
		E1A0A011300280F900B82913 /* Build configuration list for PBXNativeTarget "KhmerlangTests" */ = {
			isa = XCConfigurationList;
			buildConfigurations = (
				E1A0A009300280F900B82913 /* Debug */,
				E1A0A010300280F900B82913 /* Release */,
			);
			defaultConfigurationIsVisible = 0;
			defaultConfigurationName = Release;
		};
/* End XCConfigurationList section */
	};
	rootObject = D9CDBB73300280D400B82913 /* Project object */;
}
